Microsoft Visual Studio Solution File, Format Version 12.00
# Visual Studio 2012
Project("{FAE04EC0-301F-11D3-BF4B-00C04F79EFBC}") = "来抽学号！", "来抽学号！.csproj", "{3F8597B0-C873-47D5-A839-41A4D3AC381F}"
EndProject
Global
	GlobalSection(SolutionConfigurationPlatforms) = preSolution
	Debug|Any CPU = Debug|Any CPU
	ExportDebug|Any CPU = ExportDebug|Any CPU
	ExportRelease|Any CPU = ExportRelease|Any CPU
	EndGlobalSection
	GlobalSection(ProjectConfigurationPlatforms) = postSolution
		{3F8597B0-C873-47D5-A839-41A4D3AC381F}.Debug|Any CPU.ActiveCfg = Debug|Any CPU
		{3F8597B0-C873-47D5-A839-41A4D3AC381F}.Debug|Any CPU.Build.0 = Debug|Any CPU
		{3F8597B0-C873-47D5-A839-41A4D3AC381F}.ExportDebug|Any CPU.ActiveCfg = ExportDebug|Any CPU
		{3F8597B0-C873-47D5-A839-41A4D3AC381F}.ExportDebug|Any CPU.Build.0 = ExportDebug|Any CPU
		{3F8597B0-C873-47D5-A839-41A4D3AC381F}.ExportRelease|Any CPU.ActiveCfg = ExportRelease|Any CPU
		{3F8597B0-C873-47D5-A839-41A4D3AC381F}.ExportRelease|Any CPU.Build.0 = ExportRelease|Any CPU
	EndGlobalSection
EndGlobal
